
Microsoft Visual Studio Solution File, Format Version 12.00
# Visual Studio Version 16
VisualStudioVersion = 16.0.30621.155
MinimumVisualStudioVersion = 10.0.40219.1
Project("{FAE04EC0-301F-11D3-BF4B-00C04F79EFBC}") = "Projekt", "Projekt\Projekt.csproj", "{0B322055-EF7C-4942-8139-F1AF81DBEF16}"
EndProject
Global
	GlobalSection(SolutionConfigurationPlatforms) = preSolution
		Debug|Any CPU = Debug|Any CPU
		Release|Any CPU = Release|Any CPU
	EndGlobalSection
	GlobalSection(ProjectConfigurationPlatforms) = postSolution
		{0B322055-EF7C-4942-8139-F1AF81DBEF16}.Debug|Any CPU.ActiveCfg = Debug|Any CPU
		{0B322055-EF7C-4942-8139-F1AF81DBEF16}.Debug|Any CPU.Build.0 = Debug|Any CPU
		{0B322055-EF7C-4942-8139-F1AF81DBEF16}.Release|Any CPU.ActiveCfg = Release|Any CPU
		{0B322055-EF7C-4942-8139-F1AF81DBEF16}.Release|Any CPU.Build.0 = Release|Any CPU
	EndGlobalSection
	GlobalSection(SolutionProperties) = preSolution
		HideSolutionNode = FALSE
	EndGlobalSection
	GlobalSection(ExtensibilityGlobals) = postSolution
		SolutionGuid = {890C5E73-1047-430A-B2E6-7C4CC467D4AE}
	EndGlobalSection
EndGlobal
